
Microsoft Visual Studio Solution File, Format Version 12.00
# Visual Studio 14
VisualStudioVersion = 14.0.23107.0
MinimumVisualStudioVersion = 10.0.40219.1
Project("{FAE04EC0-301F-11D3-BF4B-00C04F79EFBC}") = "Evenement beheer systeem", "Project\Evenement beheer systeem.csproj", "{2AAF76C9-6956-4C9A-8224-4309BF8FC7DF}"
EndProject
Project("{F088123C-0E9E-452A-89E6-6BA2F21D5CAC}") = "ModelingProject", "ModelingProject\ModelingProject.modelproj", "{A3B79102-D5AA-4AF6-AFD0-96DF11C2232E}"
EndProject
Project("{FAE04EC0-301F-11D3-BF4B-00C04F79EFBC}") = "DatabaseLibrary", "DatabaseLibrary\DatabaseLibrary.csproj", "{CD2FFA70-B471-4CE0-811E-E53425E2A764}"
EndProject
Project("{FAE04EC0-301F-11D3-BF4B-00C04F79EFBC}") = "Reserveer Systeem", "Reserveer Systeem\Reserveer Systeem.csproj", "{28FA4196-6905-4EDF-B323-ABCD1000163E}"
EndProject
Project("{FAE04EC0-301F-11D3-BF4B-00C04F79EFBC}") = "MateriaalBeheer", "MateriaalBeheer\MateriaalBeheer.csproj", "{E54B26A0-8D5B-4A4C-84E2-73EA07441E3E}"
EndProject
Project("{FAE04EC0-301F-11D3-BF4B-00C04F79EFBC}") = "Toegangscontrole", "Toegangscontrole\Toegangscontrole.csproj", "{F9818526-85A3-4499-B910-7556A91FF96F}"
EndProject
Project("{FAE04EC0-301F-11D3-BF4B-00C04F79EFBC}") = "MediaSharingSystem", "MediaSharingSystem\MediaSharingSystem\MediaSharingSystem.csproj", "{C0A3E9D5-AAA0-43CE-9369-283F62D3AE03}"
EndProject
Project("{FAE04EC0-301F-11D3-BF4B-00C04F79EFBC}") = "MediaSysteem", "MediaSysteem\MediaSysteem.csproj", "{EB7E248E-179B-48ED-9F11-9997E967503D}"
EndProject
Project("{FAE04EC0-301F-11D3-BF4B-00C04F79EFBC}") = "DropDownControls", "Dropdown\DropDownControls.csproj", "{1A0EB623-3EDD-4BA6-80EE-0FA61A708542}"
EndProject
Global
	GlobalSection(SolutionConfigurationPlatforms) = preSolution
		Debug|Any CPU = Debug|Any CPU
		Release|Any CPU = Release|Any CPU
	EndGlobalSection
	GlobalSection(ProjectConfigurationPlatforms) = postSolution
		{2AAF76C9-6956-4C9A-8224-4309BF8FC7DF}.Debug|Any CPU.ActiveCfg = Debug|Any CPU
		{2AAF76C9-6956-4C9A-8224-4309BF8FC7DF}.Debug|Any CPU.Build.0 = Debug|Any CPU
		{2AAF76C9-6956-4C9A-8224-4309BF8FC7DF}.Release|Any CPU.ActiveCfg = Release|Any CPU
		{2AAF76C9-6956-4C9A-8224-4309BF8FC7DF}.Release|Any CPU.Build.0 = Release|Any CPU
		{A3B79102-D5AA-4AF6-AFD0-96DF11C2232E}.Debug|Any CPU.ActiveCfg = Debug|Any CPU
		{A3B79102-D5AA-4AF6-AFD0-96DF11C2232E}.Debug|Any CPU.Build.0 = Debug|Any CPU
		{A3B79102-D5AA-4AF6-AFD0-96DF11C2232E}.Release|Any CPU.ActiveCfg = Release|Any CPU
		{A3B79102-D5AA-4AF6-AFD0-96DF11C2232E}.Release|Any CPU.Build.0 = Release|Any CPU
		{CD2FFA70-B471-4CE0-811E-E53425E2A764}.Debug|Any CPU.ActiveCfg = Debug|Any CPU
		{CD2FFA70-B471-4CE0-811E-E53425E2A764}.Debug|Any CPU.Build.0 = Debug|Any CPU
		{CD2FFA70-B471-4CE0-811E-E53425E2A764}.Release|Any CPU.ActiveCfg = Release|Any CPU
		{CD2FFA70-B471-4CE0-811E-E53425E2A764}.Release|Any CPU.Build.0 = Release|Any CPU
		{28FA4196-6905-4EDF-B323-ABCD1000163E}.Debug|Any CPU.ActiveCfg = Debug|Any CPU
		{28FA4196-6905-4EDF-B323-ABCD1000163E}.Debug|Any CPU.Build.0 = Debug|Any CPU
		{28FA4196-6905-4EDF-B323-ABCD1000163E}.Release|Any CPU.ActiveCfg = Release|Any CPU
		{28FA4196-6905-4EDF-B323-ABCD1000163E}.Release|Any CPU.Build.0 = Release|Any CPU
		{E54B26A0-8D5B-4A4C-84E2-73EA07441E3E}.Debug|Any CPU.ActiveCfg = Debug|Any CPU
		{E54B26A0-8D5B-4A4C-84E2-73EA07441E3E}.Debug|Any CPU.Build.0 = Debug|Any CPU
		{E54B26A0-8D5B-4A4C-84E2-73EA07441E3E}.Release|Any CPU.ActiveCfg = Release|Any CPU
		{E54B26A0-8D5B-4A4C-84E2-73EA07441E3E}.Release|Any CPU.Build.0 = Release|Any CPU
		{F9818526-85A3-4499-B910-7556A91FF96F}.Debug|Any CPU.ActiveCfg = Debug|Any CPU
		{F9818526-85A3-4499-B910-7556A91FF96F}.Debug|Any CPU.Build.0 = Debug|Any CPU
		{F9818526-85A3-4499-B910-7556A91FF96F}.Release|Any CPU.ActiveCfg = Release|Any CPU
		{F9818526-85A3-4499-B910-7556A91FF96F}.Release|Any CPU.Build.0 = Release|Any CPU
		{C0A3E9D5-AAA0-43CE-9369-283F62D3AE03}.Debug|Any CPU.ActiveCfg = Debug|Any CPU
		{C0A3E9D5-AAA0-43CE-9369-283F62D3AE03}.Debug|Any CPU.Build.0 = Debug|Any CPU
		{C0A3E9D5-AAA0-43CE-9369-283F62D3AE03}.Release|Any CPU.ActiveCfg = Release|Any CPU
		{C0A3E9D5-AAA0-43CE-9369-283F62D3AE03}.Release|Any CPU.Build.0 = Release|Any CPU
		{EB7E248E-179B-48ED-9F11-9997E967503D}.Debug|Any CPU.ActiveCfg = Debug|Any CPU
		{EB7E248E-179B-48ED-9F11-9997E967503D}.Debug|Any CPU.Build.0 = Debug|Any CPU
		{EB7E248E-179B-48ED-9F11-9997E967503D}.Release|Any CPU.ActiveCfg = Release|Any CPU
		{EB7E248E-179B-48ED-9F11-9997E967503D}.Release|Any CPU.Build.0 = Release|Any CPU
		{1A0EB623-3EDD-4BA6-80EE-0FA61A708542}.Debug|Any CPU.ActiveCfg = Debug|Any CPU
		{1A0EB623-3EDD-4BA6-80EE-0FA61A708542}.Debug|Any CPU.Build.0 = Debug|Any CPU
		{1A0EB623-3EDD-4BA6-80EE-0FA61A708542}.Release|Any CPU.ActiveCfg = Release|Any CPU
		{1A0EB623-3EDD-4BA6-80EE-0FA61A708542}.Release|Any CPU.Build.0 = Release|Any CPU
	EndGlobalSection
	GlobalSection(SolutionProperties) = preSolution
		HideSolutionNode = FALSE
	EndGlobalSection
EndGlobal
